// !$*UTF8*$!
{
	archiveVersion = 1;
	classes = {
	};
	objectVersion = 46;
	objects = {

/* Begin PBXBuildFile section */
		F36F45F81F24C6AC0071B256 /* AppDelegate.swift in Sources */ = {isa = PBXBuildFile; fileRef = F36F45F71F24C6AC0071B256 /* AppDelegate.swift */; };
		F36F45FA1F24C6AC0071B256 /* ViewController.swift in Sources */ = {isa = PBXBuildFile; fileRef = F36F45F91F24C6AC0071B256 /* ViewController.swift */; };
		F36F45FD1F24C6AC0071B256 /* Main.storyboard in Resources */ = {isa = PBXBuildFile; fileRef = F36F45FB1F24C6AC0071B256 /* Main.storyboard */; };
		F36F45FF1F24C6AC0071B256 /* Assets.xcassets in Resources */ = {isa = PBXBuildFile; fileRef = F36F45FE1F24C6AC0071B256 /* Assets.xcassets */; };
		F36F46021F24C6AC0071B256 /* LaunchScreen.storyboard in Resources */ = {isa = PBXBuildFile; fileRef = F36F46001F24C6AC0071B256 /* LaunchScreen.storyboard */; };
/* End PBXBuildFile section */

/* Begin PBXFileReference section */
		F36F45F41F24C6AC0071B256 /* CloudChatRoom.app */ = {isa = PBXFileReference; explicitFileType = wrapper.application; includeInIndex = 0; path = CloudChatRoom.app; sourceTree = BUILT_PRODUCTS_DIR; };
		F36F45F71F24C6AC0071B256 /* AppDelegate.swift */ = {isa = PBXFileReference; lastKnownFileType = sourcecode.swift; path = AppDelegate.swift; sourceTree = "<group>"; };
		F36F45F91F24C6AC0071B256 /* ViewController.swift */ = {isa = PBXFileReference; lastKnownFileType = sourcecode.swift; path = ViewController.swift; sourceTree = "<group>"; };
		F36F45FC1F24C6AC0071B256 /* Base */ = {isa = PBXFileReference; lastKnownFileType = file.storyboard; name = Base; path = Base.lproj/Main.storyboard; sourceTree = "<group>"; };
		F36F45FE1F24C6AC0071B256 /* Assets.xcassets */ = {isa = PBXFileReference; lastKnownFileType = folder.assetcatalog; path = Assets.xcassets; sourceTree = "<group>"; };
		F36F46011F24C6AC0071B256 /* Base */ = {isa = PBXFileReference; lastKnownFileType = file.storyboard; name = Base; path = Base.lproj/LaunchScreen.storyboard; sourceTree = "<group>"; };
		F36F46031F24C6AC0071B256 /* Info.plist */ = {isa = PBXFileReference; lastKnownFileType = text.plist.xml; path = Info.plist; sourceTree = "<group>"; };
/* End PBXFileReference section */

/* Begin PBXFrameworksBuildPhase section */
		F36F45F11F24C6AC0071B256 /* Frameworks */ = {
			isa = PBXFrameworksBuildPhase;
			buildActionMask = 2147483647;
			files = (
			);
			runOnlyForDeploymentPostprocessing = 0;
		};
/* End PBXFrameworksBuildPhase section */

/* Begin PBXGroup section */
		F36F45EB1F24C6AC0071B256 = {
			isa = PBXGroup;
			children = (
				F36F45F61F24C6AC0071B256 /* CloudChatRoom */,
				F36F45F51F24C6AC0071B256 /* Products */,
			);
			sourceTree = "<group>";
		};
		F36F45F51F24C6AC0071B256 /* Products */ = {
			isa = PBXGroup;
			children = (
				F36F45F41F24C6AC0071B256 /* CloudChatRoom.app */,
			);
			name = Products;
			sourceTree = "<group>";
		};
		F36F45F61F24C6AC0071B256 /* CloudChatRoom */ = {
			isa = PBXGroup;
			children = (
				F36F45F71F24C6AC0071B256 /* AppDelegate.swift */,
				F36F45F91F24C6AC0071B256 /* ViewController.swift */,
				F36F45FB1F24C6AC0071B256 /* Main.storyboard */,
				F36F45FE1F24C6AC0071B256 /* Assets.xcassets */,
				F36F46001F24C6AC0071B256 /* LaunchScreen.storyboard */,
				F36F46031F24C6AC0071B256 /* Info.plist */,
			);
			path = CloudChatRoom;
			sourceTree = "<group>";
		};
/* End PBXGroup section */

/* Begin PBXNativeTarget section */
		F36F45F31F24C6AC0071B256 /* CloudChatRoom */ = {
			isa = PBXNativeTarget;
			buildConfigurationList = F36F46061F24C6AC0071B256 /* Build configuration list for PBXNativeTarget "CloudChatRoom" */;
			buildPhases = (
				F36F45F01F24C6AC0071B256 /* Sources */,
				F36F45F11F24C6AC0071B256 /* Frameworks */,
				F36F45F21F24C6AC0071B256 /* Resources */,
			);
			buildRules = (
			);
			dependencies = (
			);
			name = CloudChatRoom;
			productName = CloudChatRoom;
			productReference = F36F45F41F24C6AC0071B256 /* CloudChatRoom.app */;
			productType = "com.apple.product-type.application";
		};
/* End PBXNativeTarget section */

/* Begin PBXProject section */
		F36F45EC1F24C6AC0071B256 /* Project object */ = {
			isa = PBXProject;
			attributes = {
				LastSwiftUpdateCheck = 0830;
				LastUpgradeCheck = 0830;
				ORGANIZATIONNAME = "宮本一彦";
				TargetAttributes = {
					F36F45F31F24C6AC0071B256 = {
						CreatedOnToolsVersion = 8.3.3;
						DevelopmentTeam = TV6NUH4G9D;
						ProvisioningStyle = Automatic;
					};
				};
			};
			buildConfigurationList = F36F45EF1F24C6AC0071B256 /* Build configuration list for PBXProject "CloudChatRoom" */;
			compatibilityVersion = "Xcode 3.2";
			developmentRegion = English;
			hasScannedForEncodings = 0;
			knownRegions = (
				en,
				Base,
			);
			mainGroup = F36F45EB1F24C6AC0071B256;
			productRefGroup = F36F45F51F24C6AC0071B256 /* Products */;
			projectDirPath = "";
			projectRoot = "";
			targets = (
				F36F45F31F24C6AC0071B256 /* CloudChatRoom */,
			);
		};
/* End PBXProject section */

/* Begin PBXResourcesBuildPhase section */
		F36F45F21F24C6AC0071B256 /* Resources */ = {
			isa = PBXResourcesBuildPhase;
			buildActionMask = 2147483647;
			files = (
				F36F46021F24C6AC0071B256 /* LaunchScreen.storyboard in Resources */,
				F36F45FF1F24C6AC0071B256 /* Assets.xcassets in Resources */,
				F36F45FD1F24C6AC0071B256 /* Main.storyboard in Resources */,
			);
			runOnlyForDeploymentPostprocessing = 0;
		};
/* End PBXResourcesBuildPhase section */

/* Begin PBXSourcesBuildPhase section */
		F36F45F01F24C6AC0071B256 /* Sources */ = {
			isa = PBXSourcesBuildPhase;
			buildActionMask = 2147483647;
			files = (
				F36F45FA1F24C6AC0071B256 /* ViewController.swift in Sources */,
				F36F45F81F24C6AC0071B256 /* AppDelegate.swift in Sources */,
			);
			runOnlyForDeploymentPostprocessing = 0;
		};
/* End PBXSourcesBuildPhase section */

/* Begin PBXVariantGroup section */
		F36F45FB1F24C6AC0071B256 /* Main.storyboard */ = {
			isa = PBXVariantGroup;
			children = (
				F36F45FC1F24C6AC0071B256 /* Base */,
			);
			name = Main.storyboard;
			sourceTree = "<group>";
		};
		F36F46001F24C6AC0071B256 /* LaunchScreen.storyboard */ = {
			isa = PBXVariantGroup;
			children = (
				F36F46011F24C6AC0071B256 /* Base */,
			);
			name = LaunchScreen.storyboard;
			sourceTree = "<group>";
		};
/* End PBXVariantGroup section */

/* Begin XCBuildConfiguration section */
		F36F46041F24C6AC0071B256 /* Debug */ = {
			isa = XCBuildConfiguration;
			buildSettings = {
				ALWAYS_SEARCH_USER_PATHS = NO;
				CLANG_ANALYZER_NONNULL = YES;
				CLANG_ANALYZER_NUMBER_OBJECT_CONVERSION = YES_AGGRESSIVE;
				CLANG_CXX_LANGUAGE_STANDARD = "gnu++0x";
				CLANG_CXX_LIBRARY = "libc++";
				CLANG_ENABLE_MODULES = YES;
				CLANG_ENABLE_OBJC_ARC = YES;
				CLANG_WARN_BOOL_CONVERSION = YES;
				CLANG_WARN_CONSTANT_CONVERSION = YES;
				CLANG_WARN_DIRECT_OBJC_ISA_USAGE = YES_ERROR;
				CLANG_WARN_DOCUMENTATION_COMMENTS = YES;
				CLANG_WARN_EMPTY_BODY = YES;
				CLANG_WARN_ENUM_CONVERSION = YES;
				CLANG_WARN_INFINITE_RECURSION = YES;
				CLANG_WARN_INT_CONVERSION = YES;
				CLANG_WARN_OBJC_ROOT_CLASS = YES_ERROR;
				CLANG_WARN_SUSPICIOUS_MOVE = YES;
				CLANG_WARN_UNREACHABLE_CODE = YES;
				CLANG_WARN__DUPLICATE_METHOD_MATCH = YES;
				"CODE_SIGN_IDENTITY[sdk=iphoneos*]" = "iPhone Developer";
				COPY_PHASE_STRIP = NO;
				DEBUG_INFORMATION_FORMAT = dwarf;
				ENABLE_STRICT_OBJC_MSGSEND = YES;
				ENABLE_TESTABILITY = YES;
				GCC_C_LANGUAGE_STANDARD = gnu99;
				GCC_DYNAMIC_NO_PIC = NO;
				GCC_NO_COMMON_BLOCKS = YES;
				GCC_OPTIMIZATION_LEVEL = 0;
				GCC_PREPROCESSOR_DEFINITIONS = (
					"DEBUG=1",
					"$(inherited)",
				);
				GCC_WARN_64_TO_32_BIT_CONVERSION = YES;
				GCC_WARN_ABOUT_RETURN_TYPE = YES_ERROR;
				GCC_WARN_UNDECLARED_SELECTOR = YES;
				GCC_WARN_UNINITIALIZED_AUTOS = YES_AGGRESSIVE;
				GCC_WARN_UNUSED_FUNCTION = YES;
				GCC_WARN_UNUSED_VARIABLE = YES;
				IPHONEOS_DEPLOYMENT_TARGET = 10.3;
				MTL_ENABLE_DEBUG_INFO = YES;
				ONLY_ACTIVE_ARCH = YES;
				SDKROOT = iphoneos;
				SWIFT_ACTIVE_COMPILATION_CONDITIONS = DEBUG;
				SWIFT_OPTIMIZATION_LEVEL = "-Onone";
			};
			name = Debug;
		};
		F36F46051F24C6AC0071B256 /* Release */ = {
			isa = XCBuildConfiguration;
			buildSettings = {
				ALWAYS_SEARCH_USER_PATHS = NO;
				CLANG_ANALYZER_NONNULL = YES;
				CLANG_ANALYZER_NUMBER_OBJECT_CONVERSION = YES_AGGRESSIVE;
				CLANG_CXX_LANGUAGE_STANDARD = "gnu++0x";
				CLANG_CXX_LIBRARY = "libc++";
				CLANG_ENABLE_MODULES = YES;
				CLANG_ENABLE_OBJC_ARC = YES;
				CLANG_WARN_BOOL_CONVERSION = YES;
				CLANG_WARN_CONSTANT_CONVERSION = YES;
				CLANG_WARN_DIRECT_OBJC_ISA_USAGE = YES_ERROR;
				CLANG_WARN_DOCUMENTATION_COMMENTS = YES;
				CLANG_WARN_EMPTY_BODY = YES;
				CLANG_WARN_ENUM_CONVERSION = YES;
				CLANG_WARN_INFINITE_RECURSION = YES;
				CLANG_WARN_INT_CONVERSION = YES;
				CLANG_WARN_OBJC_ROOT_CLASS = YES_ERROR;
				CLANG_WARN_SUSPICIOUS_MOVE = YES;
				CLANG_WARN_UNREACHABLE_CODE = YES;
				CLANG_WARN__DUPLICATE_METHOD_MATCH = YES;
				"CODE_SIGN_IDENTITY[sdk=iphoneos*]" = "iPhone Developer";
				COPY_PHASE_STRIP = NO;
				DEBUG_INFORMATION_FORMAT = "dwarf-with-dsym";
				ENABLE_NS_ASSERTIONS = NO;
				ENABLE_STRICT_OBJC_MSGSEND = YES;
				GCC_C_LANGUAGE_STANDARD = gnu99;
				GCC_NO_COMMON_BLOCKS = YES;
				GCC_WARN_64_TO_32_BIT_CONVERSION = YES;
				GCC_WARN_ABOUT_RETURN_TYPE = YES_ERROR;
				GCC_WARN_UNDECLARED_SELECTOR = YES;
				GCC_WARN_UNINITIALIZED_AUTOS = YES_AGGRESSIVE;
				GCC_WARN_UNUSED_FUNCTION = YES;
				GCC_WARN_UNUSED_VARIABLE = YES;
				IPHONEOS_DEPLOYMENT_TARGET = 10.3;
				MTL_ENABLE_DEBUG_INFO = NO;
				SDKROOT = iphoneos;
				SWIFT_OPTIMIZATION_LEVEL = "-Owholemodule";
				VALIDATE_PRODUCT = YES;
			};
			name = Release;
		};
		F36F46071F24C6AC0071B256 /* Debug */ = {
			isa = XCBuildConfiguration;
			buildSettings = {
				ASSETCATALOG_COMPILER_APPICON_NAME = AppIcon;
				DEVELOPMENT_TEAM = TV6NUH4G9D;
				INFOPLIST_FILE = CloudChatRoom/Info.plist;
				LD_RUNPATH_SEARCH_PATHS = "$(inherited) @executable_path/Frameworks";
				PRODUCT_BUNDLE_IDENTIFIER = com.musashi.CloudChatRoom;
				PRODUCT_NAME = "$(TARGET_NAME)";
				SWIFT_VERSION = 3.0;
			};
			name = Debug;
		};
		F36F46081F24C6AC0071B256 /* Release */ = {
			isa = XCBuildConfiguration;
			buildSettings = {
				ASSETCATALOG_COMPILER_APPICON_NAME = AppIcon;
				DEVELOPMENT_TEAM = TV6NUH4G9D;
				INFOPLIST_FILE = CloudChatRoom/Info.plist;
				LD_RUNPATH_SEARCH_PATHS = "$(inherited) @executable_path/Frameworks";
				PRODUCT_BUNDLE_IDENTIFIER = com.musashi.CloudChatRoom;
				PRODUCT_NAME = "$(TARGET_NAME)";
				SWIFT_VERSION = 3.0;
			};
			name = Release;
		};
/* End XCBuildConfiguration section */

/* Begin XCConfigurationList section */
		F36F45EF1F24C6AC0071B256 /* Build configuration list for PBXProject "CloudChatRoom" */ = {
			isa = XCConfigurationList;
			buildConfigurations = (
				F36F46041F24C6AC0071B256 /* Debug */,
				F36F46051F24C6AC0071B256 /* Release */,
			);
			defaultConfigurationIsVisible = 0;
			defaultConfigurationName = Release;
		};
		F36F46061F24C6AC0071B256 /* Build configuration list for PBXNativeTarget "CloudChatRoom" */ = {
			isa = XCConfigurationList;
			buildConfigurations = (
				F36F46071F24C6AC0071B256 /* Debug */,
				F36F46081F24C6AC0071B256 /* Release */,
			);
			defaultConfigurationIsVisible = 0;
		};
/* End XCConfigurationList section */
	};
	rootObject = F36F45EC1F24C6AC0071B256 /* Project object */;
}
